
Microsoft Visual Studio Solution File, Format Version 12.00
# Visual Studio Version 17
VisualStudioVersion = 17.9.34607.119
MinimumVisualStudioVersion = 10.0.40219.1
Project("{FAE04EC0-301F-11D3-BF4B-00C04F79EFBC}") = "MovieListApp", "MovieListApp\MovieListApp.csproj", "{AE85D6CD-5637-496D-90E5-FAA6C6B606E3}"
EndProject
Global
	GlobalSection(SolutionConfigurationPlatforms) = preSolution
		Debug|Any CPU = Debug|Any CPU
		Release|Any CPU = Release|Any CPU
	EndGlobalSection
	GlobalSection(ProjectConfigurationPlatforms) = postSolution
		{AE85D6CD-5637-496D-90E5-FAA6C6B606E3}.Debug|Any CPU.ActiveCfg = Debug|Any CPU
		{AE85D6CD-5637-496D-90E5-FAA6C6B606E3}.Debug|Any CPU.Build.0 = Debug|Any CPU
		{AE85D6CD-5637-496D-90E5-FAA6C6B606E3}.Release|Any CPU.ActiveCfg = Release|Any CPU
		{AE85D6CD-5637-496D-90E5-FAA6C6B606E3}.Release|Any CPU.Build.0 = Release|Any CPU
	EndGlobalSection
	GlobalSection(SolutionProperties) = preSolution
		HideSolutionNode = FALSE
	EndGlobalSection
	GlobalSection(ExtensibilityGlobals) = postSolution
		SolutionGuid = {3B8B68AC-24FC-4996-B3A0-AF92EA55A6CB}
	EndGlobalSection
EndGlobal
